# Generated by pub
# See https://dart.dev/tools/pub/glossary#lockfile
packages:
  vm_service:
    dependency: "direct main"
    description:
      name: vm_service
      sha256: "5f37239c4851efcef929cea7824e76df7f2f0970aef85d66bbc430afa40e72f0"
      url: "https://pub.dev"
    source: hosted
    version: "15.3.0"
sdks:
  dart: ">=3.5.0 <4.0.0"
